{
    "_readme": [
        "This file locks the dependencies of your project to a known state",
        "Read more about it at https://getcomposer.org/doc/01-basic-usage.md#installing-dependencies",
        "This file is @generated automatically"
    ],
    "content-hash": "8535a33ae202c1efafd0283a8501a67a",
    "packages": [],
    "packages-dev": [
        {
            "name": "micaherne/phpstan-moodle",
            "version": "v1.0.3",
            "source": {
                "type": "git",
                "url": "https://github.com/micaherne/phpstan-moodle.git",
                "reference": "a795b40075f471d5d6ec924278294aca8634f203"
            },
            "dist": {
                "type": "zip",
                "url": "https://api.github.com/repos/micaherne/phpstan-moodle/zipball/a795b40075f471d5d6ec924278294aca8634f203",
                "reference": "a795b40075f471d5d6ec924278294aca8634f203",
                "shasum": ""
            },
            "require": {
                "php": "^8.2",
                "phpstan/phpstan": "^2.0"
            },
            "require-dev": {
                "nikic/php-parser": "^5.0",
                "phpunit/phpunit": "^11.0",
                "psr/log": "^3.0",
                "rector/rector": "^2.0",
                "symfony/console": "^7.0",
                "symfony/filesystem": "^7.0",
                "symfony/finder": "^7.0",
                "symfony/process": "^7.0"
            },
            "type": "phpstan-extension",
            "extra": {
                "phpstan": {
                    "includes": [
                        "extension.neon"
                    ]
                }
            },
            "autoload": {
                "psr-4": {
                    "PhpstanMoodle\\": "src/"
                }
            },
            "notification-url": "https://packagist.org/downloads/",
            "license": [
                "GPL-3.0-or-later"
            ],
            "authors": [
                {
                    "name": "Michael Aherne",
                    "email": "micaherne@blueyonder.co.uk"
                }
            ],
            "description": "Rules and utilities for using PHPStan on Moodle code.",
            "support": {
                "issues": "https://github.com/micaherne/phpstan-moodle/issues",
                "source": "https://github.com/micaherne/phpstan-moodle/tree/v1.0.3"
            },
            "time": "2026-03-29T21:15:01+00:00"
        },
        {
            "name": "phpstan/phpstan",
            "version": "2.1.51",
            "dist": {
                "type": "zip",
                "url": "https://api.github.com/repos/phpstan/phpstan/zipball/dc3b523c45e714c70de2ac5113b958223b55dc59",
                "reference": "dc3b523c45e714c70de2ac5113b958223b55dc59",
                "shasum": ""
            },
            "require": {
                "php": "^7.4|^8.0"
            },
            "conflict": {
                "phpstan/phpstan-shim": "*"
            },
            "bin": [
                "phpstan",
                "phpstan.phar"
            ],
            "type": "library",
            "autoload": {
                "files": [
                    "bootstrap.php"
                ]
            },
            "notification-url": "https://packagist.org/downloads/",
            "license": [
                "MIT"
            ],
            "description": "PHPStan - PHP Static Analysis Tool",
            "keywords": [
                "dev",
                "static analysis"
            ],
            "support": {
                "docs": "https://phpstan.org/user-guide/getting-started",
                "forum": "https://github.com/phpstan/phpstan/discussions",
                "issues": "https://github.com/phpstan/phpstan/issues",
                "security": "https://github.com/phpstan/phpstan/security/policy",
                "source": "https://github.com/phpstan/phpstan-src"
            },
            "funding": [
                {
                    "url": "https://github.com/ondrejmirtes",
                    "type": "github"
                },
                {
                    "url": "https://github.com/phpstan",
                    "type": "github"
                }
            ],
            "time": "2026-04-21T18:22:01+00:00"
        }
    ],
    "aliases": [],
    "minimum-stability": "stable",
    "stability-flags": {},
    "prefer-stable": false,
    "prefer-lowest": false,
    "platform": {
        "php": ">=8.3"
    },
    "platform-dev": {},
    "platform-overrides": {
        "php": "8.3"
    },
    "plugin-api-version": "2.6.0"
}
